// !$*UTF8*$!
{
	archiveVersion = 1;
	classes = {
	};
	objectVersion = 50;
	objects = {

/* Begin PBXBuildFile section */
		63AC7DC125E1BEA600F315EE /* AppDelegate.swift in Sources */ = {isa = PBXBuildFile; fileRef = 63AC7DC025E1BEA600F315EE /* AppDelegate.swift */; };
		63AC7DC325E1BEA600F315EE /* SceneDelegate.swift in Sources */ = {isa = PBXBuildFile; fileRef = 63AC7DC225E1BEA600F315EE /* SceneDelegate.swift */; };
		63AC7DC525E1BEA600F315EE /* ViewController.swift in Sources */ = {isa = PBXBuildFile; fileRef = 63AC7DC425E1BEA600F315EE /* ViewController.swift */; };
		63AC7DC825E1BEA600F315EE /* Main.storyboard in Resources */ = {isa = PBXBuildFile; fileRef = 63AC7DC625E1BEA600F315EE /* Main.storyboard */; };
		63AC7DCA25E1BEA700F315EE /* Assets.xcassets in Resources */ = {isa = PBXBuildFile; fileRef = 63AC7DC925E1BEA700F315EE /* Assets.xcassets */; };
		63AC7DCD25E1BEA700F315EE /* LaunchScreen.storyboard in Resources */ = {isa = PBXBuildFile; fileRef = 63AC7DCB25E1BEA700F315EE /* LaunchScreen.storyboard */; };
		63AC7DD625E1D05A00F315EE /* GreenViewController.swift in Sources */ = {isa = PBXBuildFile; fileRef = 63AC7DD525E1D05A00F315EE /* GreenViewController.swift */; };
/* End PBXBuildFile section */

/* Begin PBXFileReference section */
		63AC7DBD25E1BEA600F315EE /* transitions.app */ = {isa = PBXFileReference; explicitFileType = wrapper.application; includeInIndex = 0; path = transitions.app; sourceTree = BUILT_PRODUCTS_DIR; };
		63AC7DC025E1BEA600F315EE /* AppDelegate.swift */ = {isa = PBXFileReference; lastKnownFileType = sourcecode.swift; path = AppDelegate.swift; sourceTree = "<group>"; };
		63AC7DC225E1BEA600F315EE /* SceneDelegate.swift */ = {isa = PBXFileReference; lastKnownFileType = sourcecode.swift; path = SceneDelegate.swift; sourceTree = "<group>"; };
		63AC7DC425E1BEA600F315EE /* ViewController.swift */ = {isa = PBXFileReference; lastKnownFileType = sourcecode.swift; path = ViewController.swift; sourceTree = "<group>"; };
		63AC7DC725E1BEA600F315EE /* Base */ = {isa = PBXFileReference; lastKnownFileType = file.storyboard; name = Base; path = Base.lproj/Main.storyboard; sourceTree = "<group>"; };
		63AC7DC925E1BEA700F315EE /* Assets.xcassets */ = {isa = PBXFileReference; lastKnownFileType = folder.assetcatalog; path = Assets.xcassets; sourceTree = "<group>"; };
		63AC7DCC25E1BEA700F315EE /* Base */ = {isa = PBXFileReference; lastKnownFileType = file.storyboard; name = Base; path = Base.lproj/LaunchScreen.storyboard; sourceTree = "<group>"; };
		63AC7DCE25E1BEA700F315EE /* Info.plist */ = {isa = PBXFileReference; lastKnownFileType = text.plist.xml; path = Info.plist; sourceTree = "<group>"; };
		63AC7DD525E1D05A00F315EE /* GreenViewController.swift */ = {isa = PBXFileReference; lastKnownFileType = sourcecode.swift; path = GreenViewController.swift; sourceTree = "<group>"; };
/* End PBXFileReference section */

/* Begin PBXFrameworksBuildPhase section */
		63AC7DBA25E1BEA600F315EE /* Frameworks */ = {
			isa = PBXFrameworksBuildPhase;
			buildActionMask = 2147483647;
			files = (
			);
			runOnlyForDeploymentPostprocessing = 0;
		};
/* End PBXFrameworksBuildPhase section */

/* Begin PBXGroup section */
		63AC7DB425E1BEA600F315EE = {
			isa = PBXGroup;
			children = (
				63AC7DBF25E1BEA600F315EE /* transitions */,
				63AC7DBE25E1BEA600F315EE /* Products */,
			);
			sourceTree = "<group>";
		};
		63AC7DBE25E1BEA600F315EE /* Products */ = {
			isa = PBXGroup;
			children = (
				63AC7DBD25E1BEA600F315EE /* transitions.app */,
			);
			name = Products;
			sourceTree = "<group>";
		};
		63AC7DBF25E1BEA600F315EE /* transitions */ = {
			isa = PBXGroup;
			children = (
				63AC7DC025E1BEA600F315EE /* AppDelegate.swift */,
				63AC7DC225E1BEA600F315EE /* SceneDelegate.swift */,
				63AC7DC425E1BEA600F315EE /* ViewController.swift */,
				63AC7DD525E1D05A00F315EE /* GreenViewController.swift */,
				63AC7DC625E1BEA600F315EE /* Main.storyboard */,
				63AC7DC925E1BEA700F315EE /* Assets.xcassets */,
				63AC7DCB25E1BEA700F315EE /* LaunchScreen.storyboard */,
				63AC7DCE25E1BEA700F315EE /* Info.plist */,
			);
			path = transitions;
			sourceTree = "<group>";
		};
/* End PBXGroup section */

/* Begin PBXNativeTarget section */
		63AC7DBC25E1BEA600F315EE /* transitions */ = {
			isa = PBXNativeTarget;
			buildConfigurationList = 63AC7DD125E1BEA700F315EE /* Build configuration list for PBXNativeTarget "transitions" */;
			buildPhases = (
				63AC7DB925E1BEA600F315EE /* Sources */,
				63AC7DBA25E1BEA600F315EE /* Frameworks */,
				63AC7DBB25E1BEA600F315EE /* Resources */,
			);
			buildRules = (
			);
			dependencies = (
			);
			name = transitions;
			productName = transitions;
			productReference = 63AC7DBD25E1BEA600F315EE /* transitions.app */;
			productType = "com.apple.product-type.application";
		};
/* End PBXNativeTarget section */

/* Begin PBXProject section */
		63AC7DB525E1BEA600F315EE /* Project object */ = {
			isa = PBXProject;
			attributes = {
				LastSwiftUpdateCheck = 1240;
				LastUpgradeCheck = 1240;
				TargetAttributes = {
					63AC7DBC25E1BEA600F315EE = {
						CreatedOnToolsVersion = 12.4;
					};
				};
			};
			buildConfigurationList = 63AC7DB825E1BEA600F315EE /* Build configuration list for PBXProject "transitions" */;
			compatibilityVersion = "Xcode 9.3";
			developmentRegion = en;
			hasScannedForEncodings = 0;
			knownRegions = (
				en,
				Base,
			);
			mainGroup = 63AC7DB425E1BEA600F315EE;
			productRefGroup = 63AC7DBE25E1BEA600F315EE /* Products */;
			projectDirPath = "";
			projectRoot = "";
			targets = (
				63AC7DBC25E1BEA600F315EE /* transitions */,
			);
		};
/* End PBXProject section */

/* Begin PBXResourcesBuildPhase section */
		63AC7DBB25E1BEA600F315EE /* Resources */ = {
			isa = PBXResourcesBuildPhase;
			buildActionMask = 2147483647;
			files = (
				63AC7DCD25E1BEA700F315EE /* LaunchScreen.storyboard in Resources */,
				63AC7DCA25E1BEA700F315EE /* Assets.xcassets in Resources */,
				63AC7DC825E1BEA600F315EE /* Main.storyboard in Resources */,
			);
			runOnlyForDeploymentPostprocessing = 0;
		};
/* End PBXResourcesBuildPhase section */

/* Begin PBXSourcesBuildPhase section */
		63AC7DB925E1BEA600F315EE /* Sources */ = {
			isa = PBXSourcesBuildPhase;
			buildActionMask = 2147483647;
			files = (
				63AC7DD625E1D05A00F315EE /* GreenViewController.swift in Sources */,
				63AC7DC525E1BEA600F315EE /* ViewController.swift in Sources */,
				63AC7DC125E1BEA600F315EE /* AppDelegate.swift in Sources */,
				63AC7DC325E1BEA600F315EE /* SceneDelegate.swift in Sources */,
			);
			runOnlyForDeploymentPostprocessing = 0;
		};
/* End PBXSourcesBuildPhase section */

/* Begin PBXVariantGroup section */
		63AC7DC625E1BEA600F315EE /* Main.storyboard */ = {
			isa = PBXVariantGroup;
			children = (
				63AC7DC725E1BEA600F315EE /* Base */,
			);
			name = Main.storyboard;
			sourceTree = "<group>";
		};
		63AC7DCB25E1BEA700F315EE /* LaunchScreen.storyboard */ = {
			isa = PBXVariantGroup;
			children = (
				63AC7DCC25E1BEA700F315EE /* Base */,
			);
			name = LaunchScreen.storyboard;
			sourceTree = "<group>";
		};
/* End PBXVariantGroup section */

/* Begin XCBuildConfiguration section */
		63AC7DCF25E1BEA700F315EE /* Debug */ = {
			isa = XCBuildConfiguration;
			buildSettings = {
				ALWAYS_SEARCH_USER_PATHS = NO;
				CLANG_ANALYZER_NONNULL = YES;
				CLANG_ANALYZER_NUMBER_OBJECT_CONVERSION = YES_AGGRESSIVE;
				CLANG_CXX_LANGUAGE_STANDARD = "gnu++14";
				CLANG_CXX_LIBRARY = "libc++";
				CLANG_ENABLE_MODULES = YES;
				CLANG_ENABLE_OBJC_ARC = YES;
				CLANG_ENABLE_OBJC_WEAK = YES;
				CLANG_WARN_BLOCK_CAPTURE_AUTORELEASING = YES;
				CLANG_WARN_BOOL_CONVERSION = YES;
				CLANG_WARN_COMMA = YES;
				CLANG_WARN_CONSTANT_CONVERSION = YES;
				CLANG_WARN_DEPRECATED_OBJC_IMPLEMENTATIONS = YES;
				CLANG_WARN_DIRECT_OBJC_ISA_USAGE = YES_ERROR;
				CLANG_WARN_DOCUMENTATION_COMMENTS = YES;
				CLANG_WARN_EMPTY_BODY = YES;
				CLANG_WARN_ENUM_CONVERSION = YES;
				CLANG_WARN_INFINITE_RECURSION = YES;
				CLANG_WARN_INT_CONVERSION = YES;
				CLANG_WARN_NON_LITERAL_NULL_CONVERSION = YES;
				CLANG_WARN_OBJC_IMPLICIT_RETAIN_SELF = YES;
				CLANG_WARN_OBJC_LITERAL_CONVERSION = YES;
				CLANG_WARN_OBJC_ROOT_CLASS = YES_ERROR;
				CLANG_WARN_QUOTED_INCLUDE_IN_FRAMEWORK_HEADER = YES;
				CLANG_WARN_RANGE_LOOP_ANALYSIS = YES;
				CLANG_WARN_STRICT_PROTOTYPES = YES;
				CLANG_WARN_SUSPICIOUS_MOVE = YES;
				CLANG_WARN_UNGUARDED_AVAILABILITY = YES_AGGRESSIVE;
				CLANG_WARN_UNREACHABLE_CODE = YES;
				CLANG_WARN__DUPLICATE_METHOD_MATCH = YES;
				COPY_PHASE_STRIP = NO;
				DEBUG_INFORMATION_FORMAT = dwarf;
				ENABLE_STRICT_OBJC_MSGSEND = YES;
				ENABLE_TESTABILITY = YES;
				GCC_C_LANGUAGE_STANDARD = gnu11;
				GCC_DYNAMIC_NO_PIC = NO;
				GCC_NO_COMMON_BLOCKS = YES;
				GCC_OPTIMIZATION_LEVEL = 0;
				GCC_PREPROCESSOR_DEFINITIONS = (
					"DEBUG=1",
					"$(inherited)",
				);
				GCC_WARN_64_TO_32_BIT_CONVERSION = YES;
				GCC_WARN_ABOUT_RETURN_TYPE = YES_ERROR;
				GCC_WARN_UNDECLARED_SELECTOR = YES;
				GCC_WARN_UNINITIALIZED_AUTOS = YES_AGGRESSIVE;
				GCC_WARN_UNUSED_FUNCTION = YES;
				GCC_WARN_UNUSED_VARIABLE = YES;
				IPHONEOS_DEPLOYMENT_TARGET = 14.4;
				MTL_ENABLE_DEBUG_INFO = INCLUDE_SOURCE;
				MTL_FAST_MATH = YES;
				ONLY_ACTIVE_ARCH = YES;
				SDKROOT = iphoneos;
				SWIFT_ACTIVE_COMPILATION_CONDITIONS = DEBUG;
				SWIFT_OPTIMIZATION_LEVEL = "-Onone";
			};
			name = Debug;
		};
		63AC7DD025E1BEA700F315EE /* Release */ = {
			isa = XCBuildConfiguration;
			buildSettings = {
				ALWAYS_SEARCH_USER_PATHS = NO;
				CLANG_ANALYZER_NONNULL = YES;
				CLANG_ANALYZER_NUMBER_OBJECT_CONVERSION = YES_AGGRESSIVE;
				CLANG_CXX_LANGUAGE_STANDARD = "gnu++14";
				CLANG_CXX_LIBRARY = "libc++";
				CLANG_ENABLE_MODULES = YES;
				CLANG_ENABLE_OBJC_ARC = YES;
				CLANG_ENABLE_OBJC_WEAK = YES;
				CLANG_WARN_BLOCK_CAPTURE_AUTORELEASING = YES;
				CLANG_WARN_BOOL_CONVERSION = YES;
				CLANG_WARN_COMMA = YES;
				CLANG_WARN_CONSTANT_CONVERSION = YES;
				CLANG_WARN_DEPRECATED_OBJC_IMPLEMENTATIONS = YES;
				CLANG_WARN_DIRECT_OBJC_ISA_USAGE = YES_ERROR;
				CLANG_WARN_DOCUMENTATION_COMMENTS = YES;
				CLANG_WARN_EMPTY_BODY = YES;
				CLANG_WARN_ENUM_CONVERSION = YES;
				CLANG_WARN_INFINITE_RECURSION = YES;
				CLANG_WARN_INT_CONVERSION = YES;
				CLANG_WARN_NON_LITERAL_NULL_CONVERSION = YES;
				CLANG_WARN_OBJC_IMPLICIT_RETAIN_SELF = YES;
				CLANG_WARN_OBJC_LITERAL_CONVERSION = YES;
				CLANG_WARN_OBJC_ROOT_CLASS = YES_ERROR;
				CLANG_WARN_QUOTED_INCLUDE_IN_FRAMEWORK_HEADER = YES;
				CLANG_WARN_RANGE_LOOP_ANALYSIS = YES;
				CLANG_WARN_STRICT_PROTOTYPES = YES;
				CLANG_WARN_SUSPICIOUS_MOVE = YES;
				CLANG_WARN_UNGUARDED_AVAILABILITY = YES_AGGRESSIVE;
				CLANG_WARN_UNREACHABLE_CODE = YES;
				CLANG_WARN__DUPLICATE_METHOD_MATCH = YES;
				COPY_PHASE_STRIP = NO;
				DEBUG_INFORMATION_FORMAT = "dwarf-with-dsym";
				ENABLE_NS_ASSERTIONS = NO;
				ENABLE_STRICT_OBJC_MSGSEND = YES;
				GCC_C_LANGUAGE_STANDARD = gnu11;
				GCC_NO_COMMON_BLOCKS = YES;
				GCC_WARN_64_TO_32_BIT_CONVERSION = YES;
				GCC_WARN_ABOUT_RETURN_TYPE = YES_ERROR;
				GCC_WARN_UNDECLARED_SELECTOR = YES;
				GCC_WARN_UNINITIALIZED_AUTOS = YES_AGGRESSIVE;
				GCC_WARN_UNUSED_FUNCTION = YES;
				GCC_WARN_UNUSED_VARIABLE = YES;
				IPHONEOS_DEPLOYMENT_TARGET = 14.4;
				MTL_ENABLE_DEBUG_INFO = NO;
				MTL_FAST_MATH = YES;
				SDKROOT = iphoneos;
				SWIFT_COMPILATION_MODE = wholemodule;
				SWIFT_OPTIMIZATION_LEVEL = "-O";
				VALIDATE_PRODUCT = YES;
			};
			name = Release;
		};
		63AC7DD225E1BEA700F315EE /* Debug */ = {
			isa = XCBuildConfiguration;
			buildSettings = {
				ASSETCATALOG_COMPILER_APPICON_NAME = AppIcon;
				ASSETCATALOG_COMPILER_GLOBAL_ACCENT_COLOR_NAME = AccentColor;
				CODE_SIGN_STYLE = Automatic;
				INFOPLIST_FILE = transitions/Info.plist;
				LD_RUNPATH_SEARCH_PATHS = (
					"$(inherited)",
					"@executable_path/Frameworks",
				);
				PRODUCT_BUNDLE_IDENTIFIER = com.cenfotec.mov02.01.transitions;
				PRODUCT_NAME = "$(TARGET_NAME)";
				SWIFT_VERSION = 5.0;
				TARGETED_DEVICE_FAMILY = "1,2";
			};
			name = Debug;
		};
		63AC7DD325E1BEA700F315EE /* Release */ = {
			isa = XCBuildConfiguration;
			buildSettings = {
				ASSETCATALOG_COMPILER_APPICON_NAME = AppIcon;
				ASSETCATALOG_COMPILER_GLOBAL_ACCENT_COLOR_NAME = AccentColor;
				CODE_SIGN_STYLE = Automatic;
				INFOPLIST_FILE = transitions/Info.plist;
				LD_RUNPATH_SEARCH_PATHS = (
					"$(inherited)",
					"@executable_path/Frameworks",
				);
				PRODUCT_BUNDLE_IDENTIFIER = com.cenfotec.mov02.01.transitions;
				PRODUCT_NAME = "$(TARGET_NAME)";
				SWIFT_VERSION = 5.0;
				TARGETED_DEVICE_FAMILY = "1,2";
			};
			name = Release;
		};
/* End XCBuildConfiguration section */

/* Begin XCConfigurationList section */
		63AC7DB825E1BEA600F315EE /* Build configuration list for PBXProject "transitions" */ = {
			isa = XCConfigurationList;
			buildConfigurations = (
				63AC7DCF25E1BEA700F315EE /* Debug */,
				63AC7DD025E1BEA700F315EE /* Release */,
			);
			defaultConfigurationIsVisible = 0;
			defaultConfigurationName = Release;
		};
		63AC7DD125E1BEA700F315EE /* Build configuration list for PBXNativeTarget "transitions" */ = {
			isa = XCConfigurationList;
			buildConfigurations = (
				63AC7DD225E1BEA700F315EE /* Debug */,
				63AC7DD325E1BEA700F315EE /* Release */,
			);
			defaultConfigurationIsVisible = 0;
			defaultConfigurationName = Release;
		};
/* End XCConfigurationList section */
	};
	rootObject = 63AC7DB525E1BEA600F315EE /* Project object */;
}
